// !$*UTF8*$!
{
	archiveVersion = 1;
	classes = {
	};
	objectVersion = 50;
	objects = {

/* Begin PBXBuildFile section */
		3E04CDC02454234D0078D6A7 /* AppDelegate.swift in Sources */ = {isa = PBXBuildFile; fileRef = 3E04CDBF2454234D0078D6A7 /* AppDelegate.swift */; };
		3E04CDC22454234D0078D6A7 /* SceneDelegate.swift in Sources */ = {isa = PBXBuildFile; fileRef = 3E04CDC12454234D0078D6A7 /* SceneDelegate.swift */; };
		3E04CDC42454234D0078D6A7 /* ViewController.swift in Sources */ = {isa = PBXBuildFile; fileRef = 3E04CDC32454234D0078D6A7 /* ViewController.swift */; };
		3E04CDC72454234D0078D6A7 /* Main.storyboard in Resources */ = {isa = PBXBuildFile; fileRef = 3E04CDC52454234D0078D6A7 /* Main.storyboard */; };
		3E04CDC92454234F0078D6A7 /* Assets.xcassets in Resources */ = {isa = PBXBuildFile; fileRef = 3E04CDC82454234F0078D6A7 /* Assets.xcassets */; };
		3E04CDCC2454234F0078D6A7 /* LaunchScreen.storyboard in Resources */ = {isa = PBXBuildFile; fileRef = 3E04CDCA2454234F0078D6A7 /* LaunchScreen.storyboard */; };
		3E04CDD7245423500078D6A7 /* What_is_in_my_fridge__Tests.swift in Sources */ = {isa = PBXBuildFile; fileRef = 3E04CDD6245423500078D6A7 /* What_is_in_my_fridge__Tests.swift */; };
		3E04CDE2245423500078D6A7 /* What_is_in_my_fridge__UITests.swift in Sources */ = {isa = PBXBuildFile; fileRef = 3E04CDE1245423500078D6A7 /* What_is_in_my_fridge__UITests.swift */; };
/* End PBXBuildFile section */

/* Begin PBXContainerItemProxy section */
		3E04CDD3245423500078D6A7 /* PBXContainerItemProxy */ = {
			isa = PBXContainerItemProxy;
			containerPortal = 3E04CDB42454234D0078D6A7 /* Project object */;
			proxyType = 1;
			remoteGlobalIDString = 3E04CDBB2454234D0078D6A7;
			remoteInfo = "What is in my fridge ?";
		};
		3E04CDDE245423500078D6A7 /* PBXContainerItemProxy */ = {
			isa = PBXContainerItemProxy;
			containerPortal = 3E04CDB42454234D0078D6A7 /* Project object */;
			proxyType = 1;
			remoteGlobalIDString = 3E04CDBB2454234D0078D6A7;
			remoteInfo = "What is in my fridge ?";
		};
/* End PBXContainerItemProxy section */

/* Begin PBXFileReference section */
		3E04CDBC2454234D0078D6A7 /* What is in my fridge ?.app */ = {isa = PBXFileReference; explicitFileType = wrapper.application; includeInIndex = 0; path = "What is in my fridge ?.app"; sourceTree = BUILT_PRODUCTS_DIR; };
		3E04CDBF2454234D0078D6A7 /* AppDelegate.swift */ = {isa = PBXFileReference; lastKnownFileType = sourcecode.swift; path = AppDelegate.swift; sourceTree = "<group>"; };
		3E04CDC12454234D0078D6A7 /* SceneDelegate.swift */ = {isa = PBXFileReference; lastKnownFileType = sourcecode.swift; path = SceneDelegate.swift; sourceTree = "<group>"; };
		3E04CDC32454234D0078D6A7 /* ViewController.swift */ = {isa = PBXFileReference; lastKnownFileType = sourcecode.swift; path = ViewController.swift; sourceTree = "<group>"; };
		3E04CDC62454234D0078D6A7 /* Base */ = {isa = PBXFileReference; lastKnownFileType = file.storyboard; name = Base; path = Base.lproj/Main.storyboard; sourceTree = "<group>"; };
		3E04CDC82454234F0078D6A7 /* Assets.xcassets */ = {isa = PBXFileReference; lastKnownFileType = folder.assetcatalog; path = Assets.xcassets; sourceTree = "<group>"; };
		3E04CDCB2454234F0078D6A7 /* Base */ = {isa = PBXFileReference; lastKnownFileType = file.storyboard; name = Base; path = Base.lproj/LaunchScreen.storyboard; sourceTree = "<group>"; };
		3E04CDCD2454234F0078D6A7 /* Info.plist */ = {isa = PBXFileReference; lastKnownFileType = text.plist.xml; path = Info.plist; sourceTree = "<group>"; };
		3E04CDD2245423500078D6A7 /* What is in my fridge ?Tests.xctest */ = {isa = PBXFileReference; explicitFileType = wrapper.cfbundle; includeInIndex = 0; path = "What is in my fridge ?Tests.xctest"; sourceTree = BUILT_PRODUCTS_DIR; };
		3E04CDD6245423500078D6A7 /* What_is_in_my_fridge__Tests.swift */ = {isa = PBXFileReference; lastKnownFileType = sourcecode.swift; path = What_is_in_my_fridge__Tests.swift; sourceTree = "<group>"; };
		3E04CDD8245423500078D6A7 /* Info.plist */ = {isa = PBXFileReference; lastKnownFileType = text.plist.xml; path = Info.plist; sourceTree = "<group>"; };
		3E04CDDD245423500078D6A7 /* What is in my fridge ?UITests.xctest */ = {isa = PBXFileReference; explicitFileType = wrapper.cfbundle; includeInIndex = 0; path = "What is in my fridge ?UITests.xctest"; sourceTree = BUILT_PRODUCTS_DIR; };
		3E04CDE1245423500078D6A7 /* What_is_in_my_fridge__UITests.swift */ = {isa = PBXFileReference; lastKnownFileType = sourcecode.swift; path = What_is_in_my_fridge__UITests.swift; sourceTree = "<group>"; };
		3E04CDE3245423500078D6A7 /* Info.plist */ = {isa = PBXFileReference; lastKnownFileType = text.plist.xml; path = Info.plist; sourceTree = "<group>"; };
/* End PBXFileReference section */

/* Begin PBXFrameworksBuildPhase section */
		3E04CDB92454234D0078D6A7 /* Frameworks */ = {
			isa = PBXFrameworksBuildPhase;
			buildActionMask = 2147483647;
			files = (
			);
			runOnlyForDeploymentPostprocessing = 0;
		};
		3E04CDCF245423500078D6A7 /* Frameworks */ = {
			isa = PBXFrameworksBuildPhase;
			buildActionMask = 2147483647;
			files = (
			);
			runOnlyForDeploymentPostprocessing = 0;
		};
		3E04CDDA245423500078D6A7 /* Frameworks */ = {
			isa = PBXFrameworksBuildPhase;
			buildActionMask = 2147483647;
			files = (
			);
			runOnlyForDeploymentPostprocessing = 0;
		};
/* End PBXFrameworksBuildPhase section */

/* Begin PBXGroup section */
		3E04CDB32454234D0078D6A7 = {
			isa = PBXGroup;
			children = (
				3E04CDBE2454234D0078D6A7 /* What is in my fridge ? */,
				3E04CDD5245423500078D6A7 /* What is in my fridge ?Tests */,
				3E04CDE0245423500078D6A7 /* What is in my fridge ?UITests */,
				3E04CDBD2454234D0078D6A7 /* Products */,
			);
			sourceTree = "<group>";
		};
		3E04CDBD2454234D0078D6A7 /* Products */ = {
			isa = PBXGroup;
			children = (
				3E04CDBC2454234D0078D6A7 /* What is in my fridge ?.app */,
				3E04CDD2245423500078D6A7 /* What is in my fridge ?Tests.xctest */,
				3E04CDDD245423500078D6A7 /* What is in my fridge ?UITests.xctest */,
			);
			name = Products;
			sourceTree = "<group>";
		};
		3E04CDBE2454234D0078D6A7 /* What is in my fridge ? */ = {
			isa = PBXGroup;
			children = (
				3E04CDBF2454234D0078D6A7 /* AppDelegate.swift */,
				3E04CDC12454234D0078D6A7 /* SceneDelegate.swift */,
				3E04CDC32454234D0078D6A7 /* ViewController.swift */,
				3E04CDC52454234D0078D6A7 /* Main.storyboard */,
				3E04CDC82454234F0078D6A7 /* Assets.xcassets */,
				3E04CDCA2454234F0078D6A7 /* LaunchScreen.storyboard */,
				3E04CDCD2454234F0078D6A7 /* Info.plist */,
			);
			path = "What is in my fridge ?";
			sourceTree = "<group>";
		};
		3E04CDD5245423500078D6A7 /* What is in my fridge ?Tests */ = {
			isa = PBXGroup;
			children = (
				3E04CDD6245423500078D6A7 /* What_is_in_my_fridge__Tests.swift */,
				3E04CDD8245423500078D6A7 /* Info.plist */,
			);
			path = "What is in my fridge ?Tests";
			sourceTree = "<group>";
		};
		3E04CDE0245423500078D6A7 /* What is in my fridge ?UITests */ = {
			isa = PBXGroup;
			children = (
				3E04CDE1245423500078D6A7 /* What_is_in_my_fridge__UITests.swift */,
				3E04CDE3245423500078D6A7 /* Info.plist */,
			);
			path = "What is in my fridge ?UITests";
			sourceTree = "<group>";
		};
/* End PBXGroup section */

/* Begin PBXNativeTarget section */
		3E04CDBB2454234D0078D6A7 /* What is in my fridge ? */ = {
			isa = PBXNativeTarget;
			buildConfigurationList = 3E04CDE6245423500078D6A7 /* Build configuration list for PBXNativeTarget "What is in my fridge ?" */;
			buildPhases = (
				3E04CDB82454234D0078D6A7 /* Sources */,
				3E04CDB92454234D0078D6A7 /* Frameworks */,
				3E04CDBA2454234D0078D6A7 /* Resources */,
			);
			buildRules = (
			);
			dependencies = (
			);
			name = "What is in my fridge ?";
			productName = "What is in my fridge ?";
			productReference = 3E04CDBC2454234D0078D6A7 /* What is in my fridge ?.app */;
			productType = "com.apple.product-type.application";
		};
		3E04CDD1245423500078D6A7 /* What is in my fridge ?Tests */ = {
			isa = PBXNativeTarget;
			buildConfigurationList = 3E04CDE9245423500078D6A7 /* Build configuration list for PBXNativeTarget "What is in my fridge ?Tests" */;
			buildPhases = (
				3E04CDCE245423500078D6A7 /* Sources */,
				3E04CDCF245423500078D6A7 /* Frameworks */,
				3E04CDD0245423500078D6A7 /* Resources */,
			);
			buildRules = (
			);
			dependencies = (
				3E04CDD4245423500078D6A7 /* PBXTargetDependency */,
			);
			name = "What is in my fridge ?Tests";
			productName = "What is in my fridge ?Tests";
			productReference = 3E04CDD2245423500078D6A7 /* What is in my fridge ?Tests.xctest */;
			productType = "com.apple.product-type.bundle.unit-test";
		};
		3E04CDDC245423500078D6A7 /* What is in my fridge ?UITests */ = {
			isa = PBXNativeTarget;
			buildConfigurationList = 3E04CDEC245423500078D6A7 /* Build configuration list for PBXNativeTarget "What is in my fridge ?UITests" */;
			buildPhases = (
				3E04CDD9245423500078D6A7 /* Sources */,
				3E04CDDA245423500078D6A7 /* Frameworks */,
				3E04CDDB245423500078D6A7 /* Resources */,
			);
			buildRules = (
			);
			dependencies = (
				3E04CDDF245423500078D6A7 /* PBXTargetDependency */,
			);
			name = "What is in my fridge ?UITests";
			productName = "What is in my fridge ?UITests";
			productReference = 3E04CDDD245423500078D6A7 /* What is in my fridge ?UITests.xctest */;
			productType = "com.apple.product-type.bundle.ui-testing";
		};
/* End PBXNativeTarget section */

/* Begin PBXProject section */
		3E04CDB42454234D0078D6A7 /* Project object */ = {
			isa = PBXProject;
			attributes = {
				LastSwiftUpdateCheck = 1130;
				LastUpgradeCheck = 1130;
				ORGANIZATIONNAME = Xell;
				TargetAttributes = {
					3E04CDBB2454234D0078D6A7 = {
						CreatedOnToolsVersion = 11.3.1;
					};
					3E04CDD1245423500078D6A7 = {
						CreatedOnToolsVersion = 11.3.1;
						TestTargetID = 3E04CDBB2454234D0078D6A7;
					};
					3E04CDDC245423500078D6A7 = {
						CreatedOnToolsVersion = 11.3.1;
						TestTargetID = 3E04CDBB2454234D0078D6A7;
					};
				};
			};
			buildConfigurationList = 3E04CDB72454234D0078D6A7 /* Build configuration list for PBXProject "What is in my fridge ?" */;
			compatibilityVersion = "Xcode 9.3";
			developmentRegion = en;
			hasScannedForEncodings = 0;
			knownRegions = (
				en,
				Base,
			);
			mainGroup = 3E04CDB32454234D0078D6A7;
			productRefGroup = 3E04CDBD2454234D0078D6A7 /* Products */;
			projectDirPath = "";
			projectRoot = "";
			targets = (
				3E04CDBB2454234D0078D6A7 /* What is in my fridge ? */,
				3E04CDD1245423500078D6A7 /* What is in my fridge ?Tests */,
				3E04CDDC245423500078D6A7 /* What is in my fridge ?UITests */,
			);
		};
/* End PBXProject section */

/* Begin PBXResourcesBuildPhase section */
		3E04CDBA2454234D0078D6A7 /* Resources */ = {
			isa = PBXResourcesBuildPhase;
			buildActionMask = 2147483647;
			files = (
				3E04CDCC2454234F0078D6A7 /* LaunchScreen.storyboard in Resources */,
				3E04CDC92454234F0078D6A7 /* Assets.xcassets in Resources */,
				3E04CDC72454234D0078D6A7 /* Main.storyboard in Resources */,
			);
			runOnlyForDeploymentPostprocessing = 0;
		};
		3E04CDD0245423500078D6A7 /* Resources */ = {
			isa = PBXResourcesBuildPhase;
			buildActionMask = 2147483647;
			files = (
			);
			runOnlyForDeploymentPostprocessing = 0;
		};
		3E04CDDB245423500078D6A7 /* Resources */ = {
			isa = PBXResourcesBuildPhase;
			buildActionMask = 2147483647;
			files = (
			);
			runOnlyForDeploymentPostprocessing = 0;
		};
/* End PBXResourcesBuildPhase section */

/* Begin PBXSourcesBuildPhase section */
		3E04CDB82454234D0078D6A7 /* Sources */ = {
			isa = PBXSourcesBuildPhase;
			buildActionMask = 2147483647;
			files = (
				3E04CDC42454234D0078D6A7 /* ViewController.swift in Sources */,
				3E04CDC02454234D0078D6A7 /* AppDelegate.swift in Sources */,
				3E04CDC22454234D0078D6A7 /* SceneDelegate.swift in Sources */,
			);
			runOnlyForDeploymentPostprocessing = 0;
		};
		3E04CDCE245423500078D6A7 /* Sources */ = {
			isa = PBXSourcesBuildPhase;
			buildActionMask = 2147483647;
			files = (
				3E04CDD7245423500078D6A7 /* What_is_in_my_fridge__Tests.swift in Sources */,
			);
			runOnlyForDeploymentPostprocessing = 0;
		};
		3E04CDD9245423500078D6A7 /* Sources */ = {
			isa = PBXSourcesBuildPhase;
			buildActionMask = 2147483647;
			files = (
				3E04CDE2245423500078D6A7 /* What_is_in_my_fridge__UITests.swift in Sources */,
			);
			runOnlyForDeploymentPostprocessing = 0;
		};
/* End PBXSourcesBuildPhase section */

/* Begin PBXTargetDependency section */
		3E04CDD4245423500078D6A7 /* PBXTargetDependency */ = {
			isa = PBXTargetDependency;
			target = 3E04CDBB2454234D0078D6A7 /* What is in my fridge ? */;
			targetProxy = 3E04CDD3245423500078D6A7 /* PBXContainerItemProxy */;
		};
		3E04CDDF245423500078D6A7 /* PBXTargetDependency */ = {
			isa = PBXTargetDependency;
			target = 3E04CDBB2454234D0078D6A7 /* What is in my fridge ? */;
			targetProxy = 3E04CDDE245423500078D6A7 /* PBXContainerItemProxy */;
		};
/* End PBXTargetDependency section */

/* Begin PBXVariantGroup section */
		3E04CDC52454234D0078D6A7 /* Main.storyboard */ = {
			isa = PBXVariantGroup;
			children = (
				3E04CDC62454234D0078D6A7 /* Base */,
			);
			name = Main.storyboard;
			sourceTree = "<group>";
		};
		3E04CDCA2454234F0078D6A7 /* LaunchScreen.storyboard */ = {
			isa = PBXVariantGroup;
			children = (
				3E04CDCB2454234F0078D6A7 /* Base */,
			);
			name = LaunchScreen.storyboard;
			sourceTree = "<group>";
		};
/* End PBXVariantGroup section */

/* Begin XCBuildConfiguration section */
		3E04CDE4245423500078D6A7 /* Debug */ = {
			isa = XCBuildConfiguration;
			buildSettings = {
				ALWAYS_SEARCH_USER_PATHS = NO;
				CLANG_ANALYZER_NONNULL = YES;
				CLANG_ANALYZER_NUMBER_OBJECT_CONVERSION = YES_AGGRESSIVE;
				CLANG_CXX_LANGUAGE_STANDARD = "gnu++14";
				CLANG_CXX_LIBRARY = "libc++";
				CLANG_ENABLE_MODULES = YES;
				CLANG_ENABLE_OBJC_ARC = YES;
				CLANG_ENABLE_OBJC_WEAK = YES;
				CLANG_WARN_BLOCK_CAPTURE_AUTORELEASING = YES;
				CLANG_WARN_BOOL_CONVERSION = YES;
				CLANG_WARN_COMMA = YES;
				CLANG_WARN_CONSTANT_CONVERSION = YES;
				CLANG_WARN_DEPRECATED_OBJC_IMPLEMENTATIONS = YES;
				CLANG_WARN_DIRECT_OBJC_ISA_USAGE = YES_ERROR;
				CLANG_WARN_DOCUMENTATION_COMMENTS = YES;
				CLANG_WARN_EMPTY_BODY = YES;
				CLANG_WARN_ENUM_CONVERSION = YES;
				CLANG_WARN_INFINITE_RECURSION = YES;
				CLANG_WARN_INT_CONVERSION = YES;
				CLANG_WARN_NON_LITERAL_NULL_CONVERSION = YES;
				CLANG_WARN_OBJC_IMPLICIT_RETAIN_SELF = YES;
				CLANG_WARN_OBJC_LITERAL_CONVERSION = YES;
				CLANG_WARN_OBJC_ROOT_CLASS = YES_ERROR;
				CLANG_WARN_RANGE_LOOP_ANALYSIS = YES;
				CLANG_WARN_STRICT_PROTOTYPES = YES;
				CLANG_WARN_SUSPICIOUS_MOVE = YES;
				CLANG_WARN_UNGUARDED_AVAILABILITY = YES_AGGRESSIVE;
				CLANG_WARN_UNREACHABLE_CODE = YES;
				CLANG_WARN__DUPLICATE_METHOD_MATCH = YES;
				COPY_PHASE_STRIP = NO;
				DEBUG_INFORMATION_FORMAT = dwarf;
				ENABLE_STRICT_OBJC_MSGSEND = YES;
				ENABLE_TESTABILITY = YES;
				GCC_C_LANGUAGE_STANDARD = gnu11;
				GCC_DYNAMIC_NO_PIC = NO;
				GCC_NO_COMMON_BLOCKS = YES;
				GCC_OPTIMIZATION_LEVEL = 0;
				GCC_PREPROCESSOR_DEFINITIONS = (
					"DEBUG=1",
					"$(inherited)",
				);
				GCC_WARN_64_TO_32_BIT_CONVERSION = YES;
				GCC_WARN_ABOUT_RETURN_TYPE = YES_ERROR;
				GCC_WARN_UNDECLARED_SELECTOR = YES;
				GCC_WARN_UNINITIALIZED_AUTOS = YES_AGGRESSIVE;
				GCC_WARN_UNUSED_FUNCTION = YES;
				GCC_WARN_UNUSED_VARIABLE = YES;
				IPHONEOS_DEPLOYMENT_TARGET = 13.2;
				MTL_ENABLE_DEBUG_INFO = INCLUDE_SOURCE;
				MTL_FAST_MATH = YES;
				ONLY_ACTIVE_ARCH = YES;
				SDKROOT = iphoneos;
				SWIFT_ACTIVE_COMPILATION_CONDITIONS = DEBUG;
				SWIFT_OPTIMIZATION_LEVEL = "-Onone";
			};
			name = Debug;
		};
		3E04CDE5245423500078D6A7 /* Release */ = {
			isa = XCBuildConfiguration;
			buildSettings = {
				ALWAYS_SEARCH_USER_PATHS = NO;
				CLANG_ANALYZER_NONNULL = YES;
				CLANG_ANALYZER_NUMBER_OBJECT_CONVERSION = YES_AGGRESSIVE;
				CLANG_CXX_LANGUAGE_STANDARD = "gnu++14";
				CLANG_CXX_LIBRARY = "libc++";
				CLANG_ENABLE_MODULES = YES;
				CLANG_ENABLE_OBJC_ARC = YES;
				CLANG_ENABLE_OBJC_WEAK = YES;
				CLANG_WARN_BLOCK_CAPTURE_AUTORELEASING = YES;
				CLANG_WARN_BOOL_CONVERSION = YES;
				CLANG_WARN_COMMA = YES;
				CLANG_WARN_CONSTANT_CONVERSION = YES;
				CLANG_WARN_DEPRECATED_OBJC_IMPLEMENTATIONS = YES;
				CLANG_WARN_DIRECT_OBJC_ISA_USAGE = YES_ERROR;
				CLANG_WARN_DOCUMENTATION_COMMENTS = YES;
				CLANG_WARN_EMPTY_BODY = YES;
				CLANG_WARN_ENUM_CONVERSION = YES;
				CLANG_WARN_INFINITE_RECURSION = YES;
				CLANG_WARN_INT_CONVERSION = YES;
				CLANG_WARN_NON_LITERAL_NULL_CONVERSION = YES;
				CLANG_WARN_OBJC_IMPLICIT_RETAIN_SELF = YES;
				CLANG_WARN_OBJC_LITERAL_CONVERSION = YES;
				CLANG_WARN_OBJC_ROOT_CLASS = YES_ERROR;
				CLANG_WARN_RANGE_LOOP_ANALYSIS = YES;
				CLANG_WARN_STRICT_PROTOTYPES = YES;
				CLANG_WARN_SUSPICIOUS_MOVE = YES;
				CLANG_WARN_UNGUARDED_AVAILABILITY = YES_AGGRESSIVE;
				CLANG_WARN_UNREACHABLE_CODE = YES;
				CLANG_WARN__DUPLICATE_METHOD_MATCH = YES;
				COPY_PHASE_STRIP = NO;
				DEBUG_INFORMATION_FORMAT = "dwarf-with-dsym";
				ENABLE_NS_ASSERTIONS = NO;
				ENABLE_STRICT_OBJC_MSGSEND = YES;
				GCC_C_LANGUAGE_STANDARD = gnu11;
				GCC_NO_COMMON_BLOCKS = YES;
				GCC_WARN_64_TO_32_BIT_CONVERSION = YES;
				GCC_WARN_ABOUT_RETURN_TYPE = YES_ERROR;
				GCC_WARN_UNDECLARED_SELECTOR = YES;
				GCC_WARN_UNINITIALIZED_AUTOS = YES_AGGRESSIVE;
				GCC_WARN_UNUSED_FUNCTION = YES;
				GCC_WARN_UNUSED_VARIABLE = YES;
				IPHONEOS_DEPLOYMENT_TARGET = 13.2;
				MTL_ENABLE_DEBUG_INFO = NO;
				MTL_FAST_MATH = YES;
				SDKROOT = iphoneos;
				SWIFT_COMPILATION_MODE = wholemodule;
				SWIFT_OPTIMIZATION_LEVEL = "-O";
				VALIDATE_PRODUCT = YES;
			};
			name = Release;
		};
		3E04CDE7245423500078D6A7 /* Debug */ = {
			isa = XCBuildConfiguration;
			buildSettings = {
				ASSETCATALOG_COMPILER_APPICON_NAME = AppIcon;
				CODE_SIGN_STYLE = Automatic;
				DEVELOPMENT_TEAM = 8QR9YRDUX8;
				INFOPLIST_FILE = "What is in my fridge ?/Info.plist";
				LD_RUNPATH_SEARCH_PATHS = (
					"$(inherited)",
					"@executable_path/Frameworks",
				);
				PRODUCT_BUNDLE_IDENTIFIER = "Xell.What-is-in-my-fridge--";
				PRODUCT_NAME = "$(TARGET_NAME)";
				SWIFT_VERSION = 5.0;
				TARGETED_DEVICE_FAMILY = "1,2";
			};
			name = Debug;
		};
		3E04CDE8245423500078D6A7 /* Release */ = {
			isa = XCBuildConfiguration;
			buildSettings = {
				ASSETCATALOG_COMPILER_APPICON_NAME = AppIcon;
				CODE_SIGN_STYLE = Automatic;
				DEVELOPMENT_TEAM = 8QR9YRDUX8;
				INFOPLIST_FILE = "What is in my fridge ?/Info.plist";
				LD_RUNPATH_SEARCH_PATHS = (
					"$(inherited)",
					"@executable_path/Frameworks",
				);
				PRODUCT_BUNDLE_IDENTIFIER = "Xell.What-is-in-my-fridge--";
				PRODUCT_NAME = "$(TARGET_NAME)";
				SWIFT_VERSION = 5.0;
				TARGETED_DEVICE_FAMILY = "1,2";
			};
			name = Release;
		};
		3E04CDEA245423500078D6A7 /* Debug */ = {
			isa = XCBuildConfiguration;
			buildSettings = {
				ALWAYS_EMBED_SWIFT_STANDARD_LIBRARIES = YES;
				BUNDLE_LOADER = "$(TEST_HOST)";
				CODE_SIGN_STYLE = Automatic;
				DEVELOPMENT_TEAM = 8QR9YRDUX8;
				INFOPLIST_FILE = "What is in my fridge ?Tests/Info.plist";
				IPHONEOS_DEPLOYMENT_TARGET = 13.2;
				LD_RUNPATH_SEARCH_PATHS = (
					"$(inherited)",
					"@executable_path/Frameworks",
					"@loader_path/Frameworks",
				);
				PRODUCT_BUNDLE_IDENTIFIER = "Xell.What-is-in-my-fridge--Tests";
				PRODUCT_NAME = "$(TARGET_NAME)";
				SWIFT_VERSION = 5.0;
				TARGETED_DEVICE_FAMILY = "1,2";
				TEST_HOST = "$(BUILT_PRODUCTS_DIR)/What is in my fridge ?.app/What is in my fridge ?";
			};
			name = Debug;
		};
		3E04CDEB245423500078D6A7 /* Release */ = {
			isa = XCBuildConfiguration;
			buildSettings = {
				ALWAYS_EMBED_SWIFT_STANDARD_LIBRARIES = YES;
				BUNDLE_LOADER = "$(TEST_HOST)";
				CODE_SIGN_STYLE = Automatic;
				DEVELOPMENT_TEAM = 8QR9YRDUX8;
				INFOPLIST_FILE = "What is in my fridge ?Tests/Info.plist";
				IPHONEOS_DEPLOYMENT_TARGET = 13.2;
				LD_RUNPATH_SEARCH_PATHS = (
					"$(inherited)",
					"@executable_path/Frameworks",
					"@loader_path/Frameworks",
				);
				PRODUCT_BUNDLE_IDENTIFIER = "Xell.What-is-in-my-fridge--Tests";
				PRODUCT_NAME = "$(TARGET_NAME)";
				SWIFT_VERSION = 5.0;
				TARGETED_DEVICE_FAMILY = "1,2";
				TEST_HOST = "$(BUILT_PRODUCTS_DIR)/What is in my fridge ?.app/What is in my fridge ?";
			};
			name = Release;
		};
		3E04CDED245423500078D6A7 /* Debug */ = {
			isa = XCBuildConfiguration;
			buildSettings = {
				ALWAYS_EMBED_SWIFT_STANDARD_LIBRARIES = YES;
				CODE_SIGN_STYLE = Automatic;
				DEVELOPMENT_TEAM = 8QR9YRDUX8;
				INFOPLIST_FILE = "What is in my fridge ?UITests/Info.plist";
				LD_RUNPATH_SEARCH_PATHS = (
					"$(inherited)",
					"@executable_path/Frameworks",
					"@loader_path/Frameworks",
				);
				PRODUCT_BUNDLE_IDENTIFIER = "Xell.What-is-in-my-fridge--UITests";
				PRODUCT_NAME = "$(TARGET_NAME)";
				SWIFT_VERSION = 5.0;
				TARGETED_DEVICE_FAMILY = "1,2";
				TEST_TARGET_NAME = "What is in my fridge ?";
			};
			name = Debug;
		};
		3E04CDEE245423500078D6A7 /* Release */ = {
			isa = XCBuildConfiguration;
			buildSettings = {
				ALWAYS_EMBED_SWIFT_STANDARD_LIBRARIES = YES;
				CODE_SIGN_STYLE = Automatic;
				DEVELOPMENT_TEAM = 8QR9YRDUX8;
				INFOPLIST_FILE = "What is in my fridge ?UITests/Info.plist";
				LD_RUNPATH_SEARCH_PATHS = (
					"$(inherited)",
					"@executable_path/Frameworks",
					"@loader_path/Frameworks",
				);
				PRODUCT_BUNDLE_IDENTIFIER = "Xell.What-is-in-my-fridge--UITests";
				PRODUCT_NAME = "$(TARGET_NAME)";
				SWIFT_VERSION = 5.0;
				TARGETED_DEVICE_FAMILY = "1,2";
				TEST_TARGET_NAME = "What is in my fridge ?";
			};
			name = Release;
		};
/* End XCBuildConfiguration section */

/* Begin XCConfigurationList section */
		3E04CDB72454234D0078D6A7 /* Build configuration list for PBXProject "What is in my fridge ?" */ = {
			isa = XCConfigurationList;
			buildConfigurations = (
				3E04CDE4245423500078D6A7 /* Debug */,
				3E04CDE5245423500078D6A7 /* Release */,
			);
			defaultConfigurationIsVisible = 0;
			defaultConfigurationName = Release;
		};
		3E04CDE6245423500078D6A7 /* Build configuration list for PBXNativeTarget "What is in my fridge ?" */ = {
			isa = XCConfigurationList;
			buildConfigurations = (
				3E04CDE7245423500078D6A7 /* Debug */,
				3E04CDE8245423500078D6A7 /* Release */,
			);
			defaultConfigurationIsVisible = 0;
			defaultConfigurationName = Release;
		};
		3E04CDE9245423500078D6A7 /* Build configuration list for PBXNativeTarget "What is in my fridge ?Tests" */ = {
			isa = XCConfigurationList;
			buildConfigurations = (
				3E04CDEA245423500078D6A7 /* Debug */,
				3E04CDEB245423500078D6A7 /* Release */,
			);
			defaultConfigurationIsVisible = 0;
			defaultConfigurationName = Release;
		};
		3E04CDEC245423500078D6A7 /* Build configuration list for PBXNativeTarget "What is in my fridge ?UITests" */ = {
			isa = XCConfigurationList;
			buildConfigurations = (
				3E04CDED245423500078D6A7 /* Debug */,
				3E04CDEE245423500078D6A7 /* Release */,
			);
			defaultConfigurationIsVisible = 0;
			defaultConfigurationName = Release;
		};
/* End XCConfigurationList section */
	};
	rootObject = 3E04CDB42454234D0078D6A7 /* Project object */;
}
